
Microsoft Visual Studio Solution File, Format Version 12.00
# Visual Studio Version 16
VisualStudioVersion = 16.0.30225.117
MinimumVisualStudioVersion = 10.0.40219.1
Project("{FAE04EC0-301F-11D3-BF4B-00C04F79EFBC}") = "MasjidManagement", "MasjidManagement\MasjidManagement.csproj", "{806B8633-C585-4E11-B55F-80C971286853}"
EndProject
Global
	GlobalSection(SolutionConfigurationPlatforms) = preSolution
		Debug|Any CPU = Debug|Any CPU
		Release|Any CPU = Release|Any CPU
	EndGlobalSection
	GlobalSection(ProjectConfigurationPlatforms) = postSolution
		{806B8633-C585-4E11-B55F-80C971286853}.Debug|Any CPU.ActiveCfg = Debug|Any CPU
		{806B8633-C585-4E11-B55F-80C971286853}.Debug|Any CPU.Build.0 = Debug|Any CPU
		{806B8633-C585-4E11-B55F-80C971286853}.Release|Any CPU.ActiveCfg = Release|Any CPU
		{806B8633-C585-4E11-B55F-80C971286853}.Release|Any CPU.Build.0 = Release|Any CPU
	EndGlobalSection
	GlobalSection(SolutionProperties) = preSolution
		HideSolutionNode = FALSE
	EndGlobalSection
	GlobalSection(ExtensibilityGlobals) = postSolution
		SolutionGuid = {73985DAA-C4AC-4FC9-A63A-9747FC9DA865}
	EndGlobalSection
EndGlobal
